
Microsoft Visual Studio Solution File, Format Version 12.00
# Visual Studio 14
VisualStudioVersion = 14.0.24720.0
MinimumVisualStudioVersion = 10.0.40219.1
Project("{FAE04EC0-301F-11D3-BF4B-00C04F79EFBC}") = "Client", "Referring.Client\Client.csproj", "{A06C0BDA-2B30-4229-9D96-0F530DC05CF3}"
EndProject
Project("{FAE04EC0-301F-11D3-BF4B-00C04F79EFBC}") = "Core", "Referring.Core\Core.csproj", "{EBE525F7-5B4E-432E-A9DC-E281515E363E}"
EndProject
Project("{FAE04EC0-301F-11D3-BF4B-00C04F79EFBC}") = "POSTagger", "Referring.POSTagger\POSTagger.csproj", "{445D5E0D-3BF6-4A96-BF36-F418B6704FB1}"
EndProject
Project("{FAE04EC0-301F-11D3-BF4B-00C04F79EFBC}") = "Stemming", "Referring.Stemmers\Stemming.csproj", "{F8066CF0-A5F8-4DCF-B553-EC90BD28383B}"
EndProject
Project("{FAE04EC0-301F-11D3-BF4B-00C04F79EFBC}") = "WordNet", "Referring.WordNet\WordNet.csproj", "{C1839D70-9FF7-431B-A3CA-08E8CE70BA2C}"
EndProject
Global
	GlobalSection(SolutionConfigurationPlatforms) = preSolution
		Debug|Any CPU = Debug|Any CPU
		Release|Any CPU = Release|Any CPU
	EndGlobalSection
	GlobalSection(ProjectConfigurationPlatforms) = postSolution
		{A06C0BDA-2B30-4229-9D96-0F530DC05CF3}.Debug|Any CPU.ActiveCfg = Debug|Any CPU
		{A06C0BDA-2B30-4229-9D96-0F530DC05CF3}.Debug|Any CPU.Build.0 = Debug|Any CPU
		{A06C0BDA-2B30-4229-9D96-0F530DC05CF3}.Release|Any CPU.ActiveCfg = Release|Any CPU
		{A06C0BDA-2B30-4229-9D96-0F530DC05CF3}.Release|Any CPU.Build.0 = Release|Any CPU
		{EBE525F7-5B4E-432E-A9DC-E281515E363E}.Debug|Any CPU.ActiveCfg = Debug|Any CPU
		{EBE525F7-5B4E-432E-A9DC-E281515E363E}.Debug|Any CPU.Build.0 = Debug|Any CPU
		{EBE525F7-5B4E-432E-A9DC-E281515E363E}.Release|Any CPU.ActiveCfg = Release|Any CPU
		{EBE525F7-5B4E-432E-A9DC-E281515E363E}.Release|Any CPU.Build.0 = Release|Any CPU
		{445D5E0D-3BF6-4A96-BF36-F418B6704FB1}.Debug|Any CPU.ActiveCfg = Debug|Any CPU
		{445D5E0D-3BF6-4A96-BF36-F418B6704FB1}.Debug|Any CPU.Build.0 = Debug|Any CPU
		{445D5E0D-3BF6-4A96-BF36-F418B6704FB1}.Release|Any CPU.ActiveCfg = Release|Any CPU
		{445D5E0D-3BF6-4A96-BF36-F418B6704FB1}.Release|Any CPU.Build.0 = Release|Any CPU
		{F8066CF0-A5F8-4DCF-B553-EC90BD28383B}.Debug|Any CPU.ActiveCfg = Debug|Any CPU
		{F8066CF0-A5F8-4DCF-B553-EC90BD28383B}.Debug|Any CPU.Build.0 = Debug|Any CPU
		{F8066CF0-A5F8-4DCF-B553-EC90BD28383B}.Release|Any CPU.ActiveCfg = Release|Any CPU
		{F8066CF0-A5F8-4DCF-B553-EC90BD28383B}.Release|Any CPU.Build.0 = Release|Any CPU
		{C1839D70-9FF7-431B-A3CA-08E8CE70BA2C}.Debug|Any CPU.ActiveCfg = Debug|Any CPU
		{C1839D70-9FF7-431B-A3CA-08E8CE70BA2C}.Debug|Any CPU.Build.0 = Debug|Any CPU
		{C1839D70-9FF7-431B-A3CA-08E8CE70BA2C}.Release|Any CPU.ActiveCfg = Release|Any CPU
		{C1839D70-9FF7-431B-A3CA-08E8CE70BA2C}.Release|Any CPU.Build.0 = Release|Any CPU
	EndGlobalSection
	GlobalSection(SolutionProperties) = preSolution
		HideSolutionNode = FALSE
	EndGlobalSection
EndGlobal
